Microsoft Visual Studio Solution File, Format Version 12.00
# Visual Studio Version 17
VisualStudioVersion = 17.0.32112.339
MinimumVisualStudioVersion = 10.0.40219.1
Project("{FAE04EC0-301F-11D3-BF4B-00C04F79EFBC}") = "SitecoreWarriors.DevEx.GraphQL.Jobs", "SitecoreWarriors.DevEx.GraphQL.Jobs.csproj", "{B11DBA55-53DC-420F-923E-DB8CE10B2409}"
EndProject
Global
	GlobalSection(SolutionConfigurationPlatforms) = preSolution
		Debug|Any CPU = Debug|Any CPU
		Release|Any CPU = Release|Any CPU
	EndGlobalSection
	GlobalSection(ProjectConfigurationPlatforms) = postSolution
		{B11DBA55-53DC-420F-923E-DB8CE10B2409}.Debug|Any CPU.ActiveCfg = Debug|Any CPU
		{B11DBA55-53DC-420F-923E-DB8CE10B2409}.Debug|Any CPU.Build.0 = Debug|Any CPU
		{B11DBA55-53DC-420F-923E-DB8CE10B2409}.Release|Any CPU.ActiveCfg = Release|Any CPU
		{B11DBA55-53DC-420F-923E-DB8CE10B2409}.Release|Any CPU.Build.0 = Release|Any CPU
	EndGlobalSection
	GlobalSection(SolutionProperties) = preSolution
		HideSolutionNode = FALSE
	EndGlobalSection
	GlobalSection(ExtensibilityGlobals) = postSolution
		SolutionGuid = {2693385C-602C-46AD-899B-4A12EC1C235E}
	EndGlobalSection
EndGlobal
